
Microsoft Visual Studio Solution File, Format Version 12.00
# Visual Studio Version 16
VisualStudioVersion = 16.0.30204.135
MinimumVisualStudioVersion = 10.0.40219.1
Project("{9A19103F-16F7-4668-BE54-9A1E7A4F7556}") = "RiskApp", "RiskApp\RiskApp.csproj", "{964116B8-7FD7-4469-9756-2A0559754E6B}"
EndProject
Project("{9A19103F-16F7-4668-BE54-9A1E7A4F7556}") = "RiskEngine", "RiskEngine\RiskEngine.csproj", "{51B4D0ED-C284-42A1-96B0-3B5EB69F2737}"
EndProject
Project("{9A19103F-16F7-4668-BE54-9A1E7A4F7556}") = "Risk_UnitTesting", "Risk_UnitTesting\Risk_UnitTesting.csproj", "{D790E051-18AC-4A96-9EE0-784CECA67908}"
EndProject
Project("{FAE04EC0-301F-11D3-BF4B-00C04F79EFBC}") = "RiskUI", "RiskGUI\RiskUI.csproj", "{2BC55945-2034-4E02-BE13-9D0524B0570F}"
EndProject
Global
	GlobalSection(SolutionConfigurationPlatforms) = preSolution
		Debug|Any CPU = Debug|Any CPU
		Release|Any CPU = Release|Any CPU
	EndGlobalSection
	GlobalSection(ProjectConfigurationPlatforms) = postSolution
		{964116B8-7FD7-4469-9756-2A0559754E6B}.Debug|Any CPU.ActiveCfg = Debug|Any CPU
		{964116B8-7FD7-4469-9756-2A0559754E6B}.Debug|Any CPU.Build.0 = Debug|Any CPU
		{964116B8-7FD7-4469-9756-2A0559754E6B}.Release|Any CPU.ActiveCfg = Release|Any CPU
		{964116B8-7FD7-4469-9756-2A0559754E6B}.Release|Any CPU.Build.0 = Release|Any CPU
		{51B4D0ED-C284-42A1-96B0-3B5EB69F2737}.Debug|Any CPU.ActiveCfg = Debug|Any CPU
		{51B4D0ED-C284-42A1-96B0-3B5EB69F2737}.Debug|Any CPU.Build.0 = Debug|Any CPU
		{51B4D0ED-C284-42A1-96B0-3B5EB69F2737}.Release|Any CPU.ActiveCfg = Release|Any CPU
		{51B4D0ED-C284-42A1-96B0-3B5EB69F2737}.Release|Any CPU.Build.0 = Release|Any CPU
		{D790E051-18AC-4A96-9EE0-784CECA67908}.Debug|Any CPU.ActiveCfg = Debug|Any CPU
		{D790E051-18AC-4A96-9EE0-784CECA67908}.Debug|Any CPU.Build.0 = Debug|Any CPU
		{D790E051-18AC-4A96-9EE0-784CECA67908}.Release|Any CPU.ActiveCfg = Release|Any CPU
		{D790E051-18AC-4A96-9EE0-784CECA67908}.Release|Any CPU.Build.0 = Release|Any CPU
		{2BC55945-2034-4E02-BE13-9D0524B0570F}.Debug|Any CPU.ActiveCfg = Debug|Any CPU
		{2BC55945-2034-4E02-BE13-9D0524B0570F}.Debug|Any CPU.Build.0 = Debug|Any CPU
		{2BC55945-2034-4E02-BE13-9D0524B0570F}.Release|Any CPU.ActiveCfg = Release|Any CPU
		{2BC55945-2034-4E02-BE13-9D0524B0570F}.Release|Any CPU.Build.0 = Release|Any CPU
	EndGlobalSection
	GlobalSection(SolutionProperties) = preSolution
		HideSolutionNode = FALSE
	EndGlobalSection
	GlobalSection(ExtensibilityGlobals) = postSolution
		SolutionGuid = {827B6BAF-C39B-4E6B-92CF-B34DB98B9792}
	EndGlobalSection
EndGlobal
